
Microsoft Visual Studio Solution File, Format Version 12.00
# Visual Studio 15
VisualStudioVersion = 15.0.28010.2048
MinimumVisualStudioVersion = 10.0.40219.1
Project("{9A19103F-16F7-4668-BE54-9A1E7A4F7556}") = "DataLayer", "Data\DataLayer.csproj", "{AA528568-12AE-4F99-A4E3-4DFDF70D4B7E}"
EndProject
Project("{9A19103F-16F7-4668-BE54-9A1E7A4F7556}") = "UnitTests", "UnitTests\UnitTests.csproj", "{D33D0056-B405-4967-9A45-0799C41218C0}"
EndProject
Project("{FAE04EC0-301F-11D3-BF4B-00C04F79EFBC}") = "Services", "Services\Services.csproj", "{D4016195-3870-40FB-AE12-51046EDF1F79}"
EndProject
Global
	GlobalSection(SolutionConfigurationPlatforms) = preSolution
		Debug|Any CPU = Debug|Any CPU
		Release|Any CPU = Release|Any CPU
	EndGlobalSection
	GlobalSection(ProjectConfigurationPlatforms) = postSolution
		{AA528568-12AE-4F99-A4E3-4DFDF70D4B7E}.Debug|Any CPU.ActiveCfg = Debug|Any CPU
		{AA528568-12AE-4F99-A4E3-4DFDF70D4B7E}.Debug|Any CPU.Build.0 = Debug|Any CPU
		{AA528568-12AE-4F99-A4E3-4DFDF70D4B7E}.Release|Any CPU.ActiveCfg = Release|Any CPU
		{AA528568-12AE-4F99-A4E3-4DFDF70D4B7E}.Release|Any CPU.Build.0 = Release|Any CPU
		{D33D0056-B405-4967-9A45-0799C41218C0}.Debug|Any CPU.ActiveCfg = Debug|Any CPU
		{D33D0056-B405-4967-9A45-0799C41218C0}.Debug|Any CPU.Build.0 = Debug|Any CPU
		{D33D0056-B405-4967-9A45-0799C41218C0}.Release|Any CPU.ActiveCfg = Release|Any CPU
		{D33D0056-B405-4967-9A45-0799C41218C0}.Release|Any CPU.Build.0 = Release|Any CPU
		{D4016195-3870-40FB-AE12-51046EDF1F79}.Debug|Any CPU.ActiveCfg = Debug|Any CPU
		{D4016195-3870-40FB-AE12-51046EDF1F79}.Debug|Any CPU.Build.0 = Debug|Any CPU
		{D4016195-3870-40FB-AE12-51046EDF1F79}.Release|Any CPU.ActiveCfg = Release|Any CPU
		{D4016195-3870-40FB-AE12-51046EDF1F79}.Release|Any CPU.Build.0 = Release|Any CPU
	EndGlobalSection
	GlobalSection(SolutionProperties) = preSolution
		HideSolutionNode = FALSE
	EndGlobalSection
	GlobalSection(ExtensibilityGlobals) = postSolution
		SolutionGuid = {5D170BF4-BDD6-4B78-8C25-AD392D2BF2A7}
	EndGlobalSection
EndGlobal
